
Microsoft Visual Studio Solution File, Format Version 12.00
# Visual Studio Version 17
VisualStudioVersion = 17.10.35122.118
MinimumVisualStudioVersion = 10.0.40219.1
Project("{FAE04EC0-301F-11D3-BF4B-00C04F79EFBC}") = "Laskin2", "Laskin2\Laskin2.csproj", "{772FB5F8-DE21-4A09-BE02-FBCD1D3B1121}"
EndProject
Global
	GlobalSection(SolutionConfigurationPlatforms) = preSolution
		Debug|Any CPU = Debug|Any CPU
		Release|Any CPU = Release|Any CPU
	EndGlobalSection
	GlobalSection(ProjectConfigurationPlatforms) = postSolution
		{772FB5F8-DE21-4A09-BE02-FBCD1D3B1121}.Debug|Any CPU.ActiveCfg = Debug|Any CPU
		{772FB5F8-DE21-4A09-BE02-FBCD1D3B1121}.Debug|Any CPU.Build.0 = Debug|Any CPU
		{772FB5F8-DE21-4A09-BE02-FBCD1D3B1121}.Release|Any CPU.ActiveCfg = Release|Any CPU
		{772FB5F8-DE21-4A09-BE02-FBCD1D3B1121}.Release|Any CPU.Build.0 = Release|Any CPU
	EndGlobalSection
	GlobalSection(SolutionProperties) = preSolution
		HideSolutionNode = FALSE
	EndGlobalSection
	GlobalSection(ExtensibilityGlobals) = postSolution
		SolutionGuid = {D2F7FEB5-3D4B-4D80-836A-8FDB72470A1A}
	EndGlobalSection
EndGlobal
